
Microsoft Visual Studio Solution File, Format Version 12.00
# Visual Studio 2012
Project("{FAE04EC0-301F-11D3-BF4B-00C04F79EFBC}") = "Logika.CSharp", "Logika.CSharp.csproj", "{A139E622-5FBE-7938-2256-A7516F44C28E}"
EndProject
Global
	GlobalSection(SolutionConfigurationPlatforms) = preSolution
		Debug|Any CPU = Debug|Any CPU
		Release|Any CPU = Release|Any CPU
	EndGlobalSection
	GlobalSection(ProjectConfigurationPlatforms) = postSolution
		{A139E622-5FBE-7938-2256-A7516F44C28E}.Debug|Any CPU.ActiveCfg = Debug|Any CPU
		{A139E622-5FBE-7938-2256-A7516F44C28E}.Debug|Any CPU.Build.0 = Debug|Any CPU
		{A139E622-5FBE-7938-2256-A7516F44C28E}.Release|Any CPU.ActiveCfg = Release|Any CPU
		{A139E622-5FBE-7938-2256-A7516F44C28E}.Release|Any CPU.Build.0 = Release|Any CPU
	EndGlobalSection
	GlobalSection(SolutionProperties) = preSolution
		HideSolutionNode = FALSE
	EndGlobalSection
EndGlobal
